
Microsoft Visual Studio Solution File, Format Version 12.00
# Visual Studio 2012
Project("{FAE04EC0-301F-11D3-BF4B-00C04F79EFBC}") = "BlaineSmith", "BlaineSmith\BlaineSmith.csproj", "{B4847AEF-CE8D-4344-B4E7-8BBC20FDF026}"
EndProject
Project("{FAE04EC0-301F-11D3-BF4B-00C04F79EFBC}") = "BlaineSmith.Business", "BlaineSmithBusiness\BlaineSmith.Business.csproj", "{3E1CFC62-D5E1-48BA-986F-C0B674EFBFF8}"
EndProject
Project("{FAE04EC0-301F-11D3-BF4B-00C04F79EFBC}") = "BlaineSmith.Model", "BlaineSmith.Data\BlaineSmith.Model.csproj", "{6BEECFD2-E243-4BAC-B040-5DD3DB6C919D}"
EndProject
Global
	GlobalSection(SolutionConfigurationPlatforms) = preSolution
		Debug|Any CPU = Debug|Any CPU
		Release|Any CPU = Release|Any CPU
	EndGlobalSection
	GlobalSection(ProjectConfigurationPlatforms) = postSolution
		{B4847AEF-CE8D-4344-B4E7-8BBC20FDF026}.Debug|Any CPU.ActiveCfg = Debug|Any CPU
		{B4847AEF-CE8D-4344-B4E7-8BBC20FDF026}.Debug|Any CPU.Build.0 = Debug|Any CPU
		{B4847AEF-CE8D-4344-B4E7-8BBC20FDF026}.Release|Any CPU.ActiveCfg = Release|Any CPU
		{B4847AEF-CE8D-4344-B4E7-8BBC20FDF026}.Release|Any CPU.Build.0 = Release|Any CPU
		{3E1CFC62-D5E1-48BA-986F-C0B674EFBFF8}.Debug|Any CPU.ActiveCfg = Debug|Any CPU
		{3E1CFC62-D5E1-48BA-986F-C0B674EFBFF8}.Debug|Any CPU.Build.0 = Debug|Any CPU
		{3E1CFC62-D5E1-48BA-986F-C0B674EFBFF8}.Release|Any CPU.ActiveCfg = Release|Any CPU
		{3E1CFC62-D5E1-48BA-986F-C0B674EFBFF8}.Release|Any CPU.Build.0 = Release|Any CPU
		{6BEECFD2-E243-4BAC-B040-5DD3DB6C919D}.Debug|Any CPU.ActiveCfg = Debug|Any CPU
		{6BEECFD2-E243-4BAC-B040-5DD3DB6C919D}.Debug|Any CPU.Build.0 = Debug|Any CPU
		{6BEECFD2-E243-4BAC-B040-5DD3DB6C919D}.Release|Any CPU.ActiveCfg = Release|Any CPU
		{6BEECFD2-E243-4BAC-B040-5DD3DB6C919D}.Release|Any CPU.Build.0 = Release|Any CPU
	EndGlobalSection
	GlobalSection(SolutionProperties) = preSolution
		HideSolutionNode = FALSE
	EndGlobalSection
EndGlobal
